
Microsoft Visual Studio Solution File, Format Version 12.00
# Visual Studio Version 16
VisualStudioVersion = 16.0.32929.386
MinimumVisualStudioVersion = 10.0.40219.1
Project("{FAE04EC0-301F-11D3-BF4B-00C04F79EFBC}") = "MVBA.Net.InterviewQuestion", "MVBA.Net.InterviewQuestion\MVBA.Net.InterviewQuestion.csproj", "{3B841AAB-CDB7-47B7-BD32-9D0AF97861CB}"
EndProject
Global
	GlobalSection(SolutionConfigurationPlatforms) = preSolution
		Debug|Any CPU = Debug|Any CPU
		Release|Any CPU = Release|Any CPU
	EndGlobalSection
	GlobalSection(ProjectConfigurationPlatforms) = postSolution
		{3B841AAB-CDB7-47B7-BD32-9D0AF97861CB}.Debug|Any CPU.ActiveCfg = Debug|Any CPU
		{3B841AAB-CDB7-47B7-BD32-9D0AF97861CB}.Debug|Any CPU.Build.0 = Debug|Any CPU
		{3B841AAB-CDB7-47B7-BD32-9D0AF97861CB}.Release|Any CPU.ActiveCfg = Release|Any CPU
		{3B841AAB-CDB7-47B7-BD32-9D0AF97861CB}.Release|Any CPU.Build.0 = Release|Any CPU
	EndGlobalSection
	GlobalSection(SolutionProperties) = preSolution
		HideSolutionNode = FALSE
	EndGlobalSection
	GlobalSection(ExtensibilityGlobals) = postSolution
		SolutionGuid = {48F789C2-B2DC-4EC8-9A94-638BA173E9DE}
	EndGlobalSection
EndGlobal
